// !$*UTF8*$!
{
	archiveVersion = 1;
	classes = {
	};
	objectVersion = 50;
	objects = {

/* Begin PBXBuildFile section */
		F275DBE7253186C800A2FDE1 /* AppDelegate.swift in Sources */ = {isa = PBXBuildFile; fileRef = F275DBE6253186C800A2FDE1 /* AppDelegate.swift */; };
		F275DBE9253186C800A2FDE1 /* SceneDelegate.swift in Sources */ = {isa = PBXBuildFile; fileRef = F275DBE8253186C800A2FDE1 /* SceneDelegate.swift */; };
		F275DBEB253186C800A2FDE1 /* ViewController.swift in Sources */ = {isa = PBXBuildFile; fileRef = F275DBEA253186C800A2FDE1 /* ViewController.swift */; };
		F275DBEE253186C800A2FDE1 /* Main.storyboard in Resources */ = {isa = PBXBuildFile; fileRef = F275DBEC253186C800A2FDE1 /* Main.storyboard */; };
		F275DBF0253186CA00A2FDE1 /* Assets.xcassets in Resources */ = {isa = PBXBuildFile; fileRef = F275DBEF253186CA00A2FDE1 /* Assets.xcassets */; };
		F275DBF3253186CA00A2FDE1 /* LaunchScreen.storyboard in Resources */ = {isa = PBXBuildFile; fileRef = F275DBF1253186CA00A2FDE1 /* LaunchScreen.storyboard */; };
		F275DBFC2531907200A2FDE1 /* YellowViewController.swift in Sources */ = {isa = PBXBuildFile; fileRef = F275DBFB2531907200A2FDE1 /* YellowViewController.swift */; };
		F275DBFF2531961C00A2FDE1 /* FirstViewController.swift in Sources */ = {isa = PBXBuildFile; fileRef = F275DBFE2531961C00A2FDE1 /* FirstViewController.swift */; };
		F275DC022531962A00A2FDE1 /* ResultViewController.swift in Sources */ = {isa = PBXBuildFile; fileRef = F275DC012531962A00A2FDE1 /* ResultViewController.swift */; };
/* End PBXBuildFile section */

/* Begin PBXFileReference section */
		F275DBE3253186C800A2FDE1 /* week1.app */ = {isa = PBXFileReference; explicitFileType = wrapper.application; includeInIndex = 0; path = week1.app; sourceTree = BUILT_PRODUCTS_DIR; };
		F275DBE6253186C800A2FDE1 /* AppDelegate.swift */ = {isa = PBXFileReference; lastKnownFileType = sourcecode.swift; path = AppDelegate.swift; sourceTree = "<group>"; };
		F275DBE8253186C800A2FDE1 /* SceneDelegate.swift */ = {isa = PBXFileReference; lastKnownFileType = sourcecode.swift; path = SceneDelegate.swift; sourceTree = "<group>"; };
		F275DBEA253186C800A2FDE1 /* ViewController.swift */ = {isa = PBXFileReference; lastKnownFileType = sourcecode.swift; path = ViewController.swift; sourceTree = "<group>"; };
		F275DBED253186C800A2FDE1 /* Base */ = {isa = PBXFileReference; lastKnownFileType = file.storyboard; name = Base; path = Base.lproj/Main.storyboard; sourceTree = "<group>"; };
		F275DBEF253186CA00A2FDE1 /* Assets.xcassets */ = {isa = PBXFileReference; lastKnownFileType = folder.assetcatalog; path = Assets.xcassets; sourceTree = "<group>"; };
		F275DBF2253186CA00A2FDE1 /* Base */ = {isa = PBXFileReference; lastKnownFileType = file.storyboard; name = Base; path = Base.lproj/LaunchScreen.storyboard; sourceTree = "<group>"; };
		F275DBF4253186CA00A2FDE1 /* Info.plist */ = {isa = PBXFileReference; lastKnownFileType = text.plist.xml; path = Info.plist; sourceTree = "<group>"; };
		F275DBFB2531907200A2FDE1 /* YellowViewController.swift */ = {isa = PBXFileReference; lastKnownFileType = sourcecode.swift; path = YellowViewController.swift; sourceTree = "<group>"; };
		F275DBFE2531961C00A2FDE1 /* FirstViewController.swift */ = {isa = PBXFileReference; lastKnownFileType = sourcecode.swift; path = FirstViewController.swift; sourceTree = "<group>"; };
		F275DC012531962A00A2FDE1 /* ResultViewController.swift */ = {isa = PBXFileReference; lastKnownFileType = sourcecode.swift; path = ResultViewController.swift; sourceTree = "<group>"; };
/* End PBXFileReference section */

/* Begin PBXFrameworksBuildPhase section */
		F275DBE0253186C800A2FDE1 /* Frameworks */ = {
			isa = PBXFrameworksBuildPhase;
			buildActionMask = 2147483647;
			files = (
			);
			runOnlyForDeploymentPostprocessing = 0;
		};
/* End PBXFrameworksBuildPhase section */

/* Begin PBXGroup section */
		F275DBDA253186C800A2FDE1 = {
			isa = PBXGroup;
			children = (
				F275DBE5253186C800A2FDE1 /* week1 */,
				F275DBE4253186C800A2FDE1 /* Products */,
			);
			sourceTree = "<group>";
		};
		F275DBE4253186C800A2FDE1 /* Products */ = {
			isa = PBXGroup;
			children = (
				F275DBE3253186C800A2FDE1 /* week1.app */,
			);
			name = Products;
			sourceTree = "<group>";
		};
		F275DBE5253186C800A2FDE1 /* week1 */ = {
			isa = PBXGroup;
			children = (
				F275DBE6253186C800A2FDE1 /* AppDelegate.swift */,
				F275DBE8253186C800A2FDE1 /* SceneDelegate.swift */,
				F275DBEA253186C800A2FDE1 /* ViewController.swift */,
				F275DBEC253186C800A2FDE1 /* Main.storyboard */,
				F275DC012531962A00A2FDE1 /* ResultViewController.swift */,
				F275DBFE2531961C00A2FDE1 /* FirstViewController.swift */,
				F275DBFB2531907200A2FDE1 /* YellowViewController.swift */,
				F275DBEF253186CA00A2FDE1 /* Assets.xcassets */,
				F275DBF1253186CA00A2FDE1 /* LaunchScreen.storyboard */,
				F275DBF4253186CA00A2FDE1 /* Info.plist */,
			);
			path = week1;
			sourceTree = "<group>";
		};
/* End PBXGroup section */

/* Begin PBXNativeTarget section */
		F275DBE2253186C800A2FDE1 /* week1 */ = {
			isa = PBXNativeTarget;
			buildConfigurationList = F275DBF7253186CA00A2FDE1 /* Build configuration list for PBXNativeTarget "week1" */;
			buildPhases = (
				F275DBDF253186C800A2FDE1 /* Sources */,
				F275DBE0253186C800A2FDE1 /* Frameworks */,
				F275DBE1253186C800A2FDE1 /* Resources */,
			);
			buildRules = (
			);
			dependencies = (
			);
			name = week1;
			productName = week1;
			productReference = F275DBE3253186C800A2FDE1 /* week1.app */;
			productType = "com.apple.product-type.application";
		};
/* End PBXNativeTarget section */

/* Begin PBXProject section */
		F275DBDB253186C800A2FDE1 /* Project object */ = {
			isa = PBXProject;
			attributes = {
				LastSwiftUpdateCheck = 1200;
				LastUpgradeCheck = 1200;
				TargetAttributes = {
					F275DBE2253186C800A2FDE1 = {
						CreatedOnToolsVersion = 12.0.1;
					};
				};
			};
			buildConfigurationList = F275DBDE253186C800A2FDE1 /* Build configuration list for PBXProject "week1" */;
			compatibilityVersion = "Xcode 9.3";
			developmentRegion = en;
			hasScannedForEncodings = 0;
			knownRegions = (
				en,
				Base,
			);
			mainGroup = F275DBDA253186C800A2FDE1;
			productRefGroup = F275DBE4253186C800A2FDE1 /* Products */;
			projectDirPath = "";
			projectRoot = "";
			targets = (
				F275DBE2253186C800A2FDE1 /* week1 */,
			);
		};
/* End PBXProject section */

/* Begin PBXResourcesBuildPhase section */
		F275DBE1253186C800A2FDE1 /* Resources */ = {
			isa = PBXResourcesBuildPhase;
			buildActionMask = 2147483647;
			files = (
				F275DBF3253186CA00A2FDE1 /* LaunchScreen.storyboard in Resources */,
				F275DBF0253186CA00A2FDE1 /* Assets.xcassets in Resources */,
				F275DBEE253186C800A2FDE1 /* Main.storyboard in Resources */,
			);
			runOnlyForDeploymentPostprocessing = 0;
		};
/* End PBXResourcesBuildPhase section */

/* Begin PBXSourcesBuildPhase section */
		F275DBDF253186C800A2FDE1 /* Sources */ = {
			isa = PBXSourcesBuildPhase;
			buildActionMask = 2147483647;
			files = (
				F275DBFF2531961C00A2FDE1 /* FirstViewController.swift in Sources */,
				F275DBFC2531907200A2FDE1 /* YellowViewController.swift in Sources */,
				F275DBEB253186C800A2FDE1 /* ViewController.swift in Sources */,
				F275DBE7253186C800A2FDE1 /* AppDelegate.swift in Sources */,
				F275DBE9253186C800A2FDE1 /* SceneDelegate.swift in Sources */,
				F275DC022531962A00A2FDE1 /* ResultViewController.swift in Sources */,
			);
			runOnlyForDeploymentPostprocessing = 0;
		};
/* End PBXSourcesBuildPhase section */

/* Begin PBXVariantGroup section */
		F275DBEC253186C800A2FDE1 /* Main.storyboard */ = {
			isa = PBXVariantGroup;
			children = (
				F275DBED253186C800A2FDE1 /* Base */,
			);
			name = Main.storyboard;
			sourceTree = "<group>";
		};
		F275DBF1253186CA00A2FDE1 /* LaunchScreen.storyboard */ = {
			isa = PBXVariantGroup;
			children = (
				F275DBF2253186CA00A2FDE1 /* Base */,
			);
			name = LaunchScreen.storyboard;
			sourceTree = "<group>";
		};
/* End PBXVariantGroup section */

/* Begin XCBuildConfiguration section */
		F275DBF5253186CA00A2FDE1 /* Debug */ = {
			isa = XCBuildConfiguration;
			buildSettings = {
				ALWAYS_SEARCH_USER_PATHS = NO;
				CLANG_ANALYZER_NONNULL = YES;
				CLANG_ANALYZER_NUMBER_OBJECT_CONVERSION = YES_AGGRESSIVE;
				CLANG_CXX_LANGUAGE_STANDARD = "gnu++14";
				CLANG_CXX_LIBRARY = "libc++";
				CLANG_ENABLE_MODULES = YES;
				CLANG_ENABLE_OBJC_ARC = YES;
				CLANG_ENABLE_OBJC_WEAK = YES;
				CLANG_WARN_BLOCK_CAPTURE_AUTORELEASING = YES;
				CLANG_WARN_BOOL_CONVERSION = YES;
				CLANG_WARN_COMMA = YES;
				CLANG_WARN_CONSTANT_CONVERSION = YES;
				CLANG_WARN_DEPRECATED_OBJC_IMPLEMENTATIONS = YES;
				CLANG_WARN_DIRECT_OBJC_ISA_USAGE = YES_ERROR;
				CLANG_WARN_DOCUMENTATION_COMMENTS = YES;
				CLANG_WARN_EMPTY_BODY = YES;
				CLANG_WARN_ENUM_CONVERSION = YES;
				CLANG_WARN_INFINITE_RECURSION = YES;
				CLANG_WARN_INT_CONVERSION = YES;
				CLANG_WARN_NON_LITERAL_NULL_CONVERSION = YES;
				CLANG_WARN_OBJC_IMPLICIT_RETAIN_SELF = YES;
				CLANG_WARN_OBJC_LITERAL_CONVERSION = YES;
				CLANG_WARN_OBJC_ROOT_CLASS = YES_ERROR;
				CLANG_WARN_QUOTED_INCLUDE_IN_FRAMEWORK_HEADER = YES;
				CLANG_WARN_RANGE_LOOP_ANALYSIS = YES;
				CLANG_WARN_STRICT_PROTOTYPES = YES;
				CLANG_WARN_SUSPICIOUS_MOVE = YES;
				CLANG_WARN_UNGUARDED_AVAILABILITY = YES_AGGRESSIVE;
				CLANG_WARN_UNREACHABLE_CODE = YES;
				CLANG_WARN__DUPLICATE_METHOD_MATCH = YES;
				COPY_PHASE_STRIP = NO;
				DEBUG_INFORMATION_FORMAT = dwarf;
				ENABLE_STRICT_OBJC_MSGSEND = YES;
				ENABLE_TESTABILITY = YES;
				GCC_C_LANGUAGE_STANDARD = gnu11;
				GCC_DYNAMIC_NO_PIC = NO;
				GCC_NO_COMMON_BLOCKS = YES;
				GCC_OPTIMIZATION_LEVEL = 0;
				GCC_PREPROCESSOR_DEFINITIONS = (
					"DEBUG=1",
					"$(inherited)",
				);
				GCC_WARN_64_TO_32_BIT_CONVERSION = YES;
				GCC_WARN_ABOUT_RETURN_TYPE = YES_ERROR;
				GCC_WARN_UNDECLARED_SELECTOR = YES;
				GCC_WARN_UNINITIALIZED_AUTOS = YES_AGGRESSIVE;
				GCC_WARN_UNUSED_FUNCTION = YES;
				GCC_WARN_UNUSED_VARIABLE = YES;
				IPHONEOS_DEPLOYMENT_TARGET = 14.0;
				MTL_ENABLE_DEBUG_INFO = INCLUDE_SOURCE;
				MTL_FAST_MATH = YES;
				ONLY_ACTIVE_ARCH = YES;
				SDKROOT = iphoneos;
				SWIFT_ACTIVE_COMPILATION_CONDITIONS = DEBUG;
				SWIFT_OPTIMIZATION_LEVEL = "-Onone";
			};
			name = Debug;
		};
		F275DBF6253186CA00A2FDE1 /* Release */ = {
			isa = XCBuildConfiguration;
			buildSettings = {
				ALWAYS_SEARCH_USER_PATHS = NO;
				CLANG_ANALYZER_NONNULL = YES;
				CLANG_ANALYZER_NUMBER_OBJECT_CONVERSION = YES_AGGRESSIVE;
				CLANG_CXX_LANGUAGE_STANDARD = "gnu++14";
				CLANG_CXX_LIBRARY = "libc++";
				CLANG_ENABLE_MODULES = YES;
				CLANG_ENABLE_OBJC_ARC = YES;
				CLANG_ENABLE_OBJC_WEAK = YES;
				CLANG_WARN_BLOCK_CAPTURE_AUTORELEASING = YES;
				CLANG_WARN_BOOL_CONVERSION = YES;
				CLANG_WARN_COMMA = YES;
				CLANG_WARN_CONSTANT_CONVERSION = YES;
				CLANG_WARN_DEPRECATED_OBJC_IMPLEMENTATIONS = YES;
				CLANG_WARN_DIRECT_OBJC_ISA_USAGE = YES_ERROR;
				CLANG_WARN_DOCUMENTATION_COMMENTS = YES;
				CLANG_WARN_EMPTY_BODY = YES;
				CLANG_WARN_ENUM_CONVERSION = YES;
				CLANG_WARN_INFINITE_RECURSION = YES;
				CLANG_WARN_INT_CONVERSION = YES;
				CLANG_WARN_NON_LITERAL_NULL_CONVERSION = YES;
				CLANG_WARN_OBJC_IMPLICIT_RETAIN_SELF = YES;
				CLANG_WARN_OBJC_LITERAL_CONVERSION = YES;
				CLANG_WARN_OBJC_ROOT_CLASS = YES_ERROR;
				CLANG_WARN_QUOTED_INCLUDE_IN_FRAMEWORK_HEADER = YES;
				CLANG_WARN_RANGE_LOOP_ANALYSIS = YES;
				CLANG_WARN_STRICT_PROTOTYPES = YES;
				CLANG_WARN_SUSPICIOUS_MOVE = YES;
				CLANG_WARN_UNGUARDED_AVAILABILITY = YES_AGGRESSIVE;
				CLANG_WARN_UNREACHABLE_CODE = YES;
				CLANG_WARN__DUPLICATE_METHOD_MATCH = YES;
				COPY_PHASE_STRIP = NO;
				DEBUG_INFORMATION_FORMAT = "dwarf-with-dsym";
				ENABLE_NS_ASSERTIONS = NO;
				ENABLE_STRICT_OBJC_MSGSEND = YES;
				GCC_C_LANGUAGE_STANDARD = gnu11;
				GCC_NO_COMMON_BLOCKS = YES;
				GCC_WARN_64_TO_32_BIT_CONVERSION = YES;
				GCC_WARN_ABOUT_RETURN_TYPE = YES_ERROR;
				GCC_WARN_UNDECLARED_SELECTOR = YES;
				GCC_WARN_UNINITIALIZED_AUTOS = YES_AGGRESSIVE;
				GCC_WARN_UNUSED_FUNCTION = YES;
				GCC_WARN_UNUSED_VARIABLE = YES;
				IPHONEOS_DEPLOYMENT_TARGET = 14.0;
				MTL_ENABLE_DEBUG_INFO = NO;
				MTL_FAST_MATH = YES;
				SDKROOT = iphoneos;
				SWIFT_COMPILATION_MODE = wholemodule;
				SWIFT_OPTIMIZATION_LEVEL = "-O";
				VALIDATE_PRODUCT = YES;
			};
			name = Release;
		};
		F275DBF8253186CA00A2FDE1 /* Debug */ = {
			isa = XCBuildConfiguration;
			buildSettings = {
				ASSETCATALOG_COMPILER_APPICON_NAME = AppIcon;
				ASSETCATALOG_COMPILER_GLOBAL_ACCENT_COLOR_NAME = AccentColor;
				CODE_SIGN_STYLE = Automatic;
				DEVELOPMENT_TEAM = F725AJ242J;
				INFOPLIST_FILE = week1/Info.plist;
				LD_RUNPATH_SEARCH_PATHS = (
					"$(inherited)",
					"@executable_path/Frameworks",
				);
				PRODUCT_BUNDLE_IDENTIFIER = profitjean.week1;
				PRODUCT_NAME = "$(TARGET_NAME)";
				SWIFT_VERSION = 5.0;
				TARGETED_DEVICE_FAMILY = "1,2";
			};
			name = Debug;
		};
		F275DBF9253186CA00A2FDE1 /* Release */ = {
			isa = XCBuildConfiguration;
			buildSettings = {
				ASSETCATALOG_COMPILER_APPICON_NAME = AppIcon;
				ASSETCATALOG_COMPILER_GLOBAL_ACCENT_COLOR_NAME = AccentColor;
				CODE_SIGN_STYLE = Automatic;
				DEVELOPMENT_TEAM = F725AJ242J;
				INFOPLIST_FILE = week1/Info.plist;
				LD_RUNPATH_SEARCH_PATHS = (
					"$(inherited)",
					"@executable_path/Frameworks",
				);
				PRODUCT_BUNDLE_IDENTIFIER = profitjean.week1;
				PRODUCT_NAME = "$(TARGET_NAME)";
				SWIFT_VERSION = 5.0;
				TARGETED_DEVICE_FAMILY = "1,2";
			};
			name = Release;
		};
/* End XCBuildConfiguration section */

/* Begin XCConfigurationList section */
		F275DBDE253186C800A2FDE1 /* Build configuration list for PBXProject "week1" */ = {
			isa = XCConfigurationList;
			buildConfigurations = (
				F275DBF5253186CA00A2FDE1 /* Debug */,
				F275DBF6253186CA00A2FDE1 /* Release */,
			);
			defaultConfigurationIsVisible = 0;
			defaultConfigurationName = Release;
		};
		F275DBF7253186CA00A2FDE1 /* Build configuration list for PBXNativeTarget "week1" */ = {
			isa = XCConfigurationList;
			buildConfigurations = (
				F275DBF8253186CA00A2FDE1 /* Debug */,
				F275DBF9253186CA00A2FDE1 /* Release */,
			);
			defaultConfigurationIsVisible = 0;
			defaultConfigurationName = Release;
		};
/* End XCConfigurationList section */
	};
	rootObject = F275DBDB253186C800A2FDE1 /* Project object */;
}
