// !$*UTF8*$!
{
	archiveVersion = 1;
	classes = {
	};
	objectVersion = 50;
	objects = {

/* Begin PBXBuildFile section */
		F261DD3A2534951C00D40710 /* SignInNavVC.swift in Sources */ = {isa = PBXBuildFile; fileRef = F261DD392534951C00D40710 /* SignInNavVC.swift */; };
		F2752F2B2533262A00239FFF /* AppDelegate.swift in Sources */ = {isa = PBXBuildFile; fileRef = F2752F2A2533262A00239FFF /* AppDelegate.swift */; };
		F2752F2D2533262A00239FFF /* SceneDelegate.swift in Sources */ = {isa = PBXBuildFile; fileRef = F2752F2C2533262A00239FFF /* SceneDelegate.swift */; };
		F2752F2F2533262A00239FFF /* MainVC.swift in Sources */ = {isa = PBXBuildFile; fileRef = F2752F2E2533262A00239FFF /* MainVC.swift */; };
		F2752F322533262A00239FFF /* Main.storyboard in Resources */ = {isa = PBXBuildFile; fileRef = F2752F302533262A00239FFF /* Main.storyboard */; };
		F2752F342533262C00239FFF /* Assets.xcassets in Resources */ = {isa = PBXBuildFile; fileRef = F2752F332533262C00239FFF /* Assets.xcassets */; };
		F2752F372533262C00239FFF /* LaunchScreen.storyboard in Resources */ = {isa = PBXBuildFile; fileRef = F2752F352533262C00239FFF /* LaunchScreen.storyboard */; };
		F2752F402533302200239FFF /* SignInVC.swift in Sources */ = {isa = PBXBuildFile; fileRef = F2752F3F2533302200239FFF /* SignInVC.swift */; };
		F2752F432533303900239FFF /* SignUpVC.swift in Sources */ = {isa = PBXBuildFile; fileRef = F2752F422533303900239FFF /* SignUpVC.swift */; };
/* End PBXBuildFile section */

/* Begin PBXFileReference section */
		F261DD392534951C00D40710 /* SignInNavVC.swift */ = {isa = PBXFileReference; lastKnownFileType = sourcecode.swift; path = SignInNavVC.swift; sourceTree = "<group>"; };
		F2752F272533262A00239FFF /* week1_HW.app */ = {isa = PBXFileReference; explicitFileType = wrapper.application; includeInIndex = 0; path = week1_HW.app; sourceTree = BUILT_PRODUCTS_DIR; };
		F2752F2A2533262A00239FFF /* AppDelegate.swift */ = {isa = PBXFileReference; lastKnownFileType = sourcecode.swift; path = AppDelegate.swift; sourceTree = "<group>"; };
		F2752F2C2533262A00239FFF /* SceneDelegate.swift */ = {isa = PBXFileReference; lastKnownFileType = sourcecode.swift; path = SceneDelegate.swift; sourceTree = "<group>"; };
		F2752F2E2533262A00239FFF /* MainVC.swift */ = {isa = PBXFileReference; lastKnownFileType = sourcecode.swift; path = MainVC.swift; sourceTree = "<group>"; };
		F2752F312533262A00239FFF /* Base */ = {isa = PBXFileReference; lastKnownFileType = file.storyboard; name = Base; path = Base.lproj/Main.storyboard; sourceTree = "<group>"; };
		F2752F332533262C00239FFF /* Assets.xcassets */ = {isa = PBXFileReference; lastKnownFileType = folder.assetcatalog; path = Assets.xcassets; sourceTree = "<group>"; };
		F2752F362533262C00239FFF /* Base */ = {isa = PBXFileReference; lastKnownFileType = file.storyboard; name = Base; path = Base.lproj/LaunchScreen.storyboard; sourceTree = "<group>"; };
		F2752F382533262C00239FFF /* Info.plist */ = {isa = PBXFileReference; lastKnownFileType = text.plist.xml; path = Info.plist; sourceTree = "<group>"; };
		F2752F3F2533302200239FFF /* SignInVC.swift */ = {isa = PBXFileReference; lastKnownFileType = sourcecode.swift; path = SignInVC.swift; sourceTree = "<group>"; };
		F2752F422533303900239FFF /* SignUpVC.swift */ = {isa = PBXFileReference; lastKnownFileType = sourcecode.swift; path = SignUpVC.swift; sourceTree = "<group>"; };
/* End PBXFileReference section */

/* Begin PBXFrameworksBuildPhase section */
		F2752F242533262A00239FFF /* Frameworks */ = {
			isa = PBXFrameworksBuildPhase;
			buildActionMask = 2147483647;
			files = (
			);
			runOnlyForDeploymentPostprocessing = 0;
		};
/* End PBXFrameworksBuildPhase section */

/* Begin PBXGroup section */
		F2752F1E2533262A00239FFF = {
			isa = PBXGroup;
			children = (
				F2752F292533262A00239FFF /* week1_HW */,
				F2752F282533262A00239FFF /* Products */,
			);
			sourceTree = "<group>";
		};
		F2752F282533262A00239FFF /* Products */ = {
			isa = PBXGroup;
			children = (
				F2752F272533262A00239FFF /* week1_HW.app */,
			);
			name = Products;
			sourceTree = "<group>";
		};
		F2752F292533262A00239FFF /* week1_HW */ = {
			isa = PBXGroup;
			children = (
				F2752F2A2533262A00239FFF /* AppDelegate.swift */,
				F2752F2C2533262A00239FFF /* SceneDelegate.swift */,
				F2752F2E2533262A00239FFF /* MainVC.swift */,
				F2752F302533262A00239FFF /* Main.storyboard */,
				F261DD392534951C00D40710 /* SignInNavVC.swift */,
				F2752F3F2533302200239FFF /* SignInVC.swift */,
				F2752F422533303900239FFF /* SignUpVC.swift */,
				F2752F332533262C00239FFF /* Assets.xcassets */,
				F2752F352533262C00239FFF /* LaunchScreen.storyboard */,
				F2752F382533262C00239FFF /* Info.plist */,
			);
			path = week1_HW;
			sourceTree = "<group>";
		};
/* End PBXGroup section */

/* Begin PBXNativeTarget section */
		F2752F262533262A00239FFF /* week1_HW */ = {
			isa = PBXNativeTarget;
			buildConfigurationList = F2752F3B2533262C00239FFF /* Build configuration list for PBXNativeTarget "week1_HW" */;
			buildPhases = (
				F2752F232533262A00239FFF /* Sources */,
				F2752F242533262A00239FFF /* Frameworks */,
				F2752F252533262A00239FFF /* Resources */,
			);
			buildRules = (
			);
			dependencies = (
			);
			name = week1_HW;
			productName = week1_HW;
			productReference = F2752F272533262A00239FFF /* week1_HW.app */;
			productType = "com.apple.product-type.application";
		};
/* End PBXNativeTarget section */

/* Begin PBXProject section */
		F2752F1F2533262A00239FFF /* Project object */ = {
			isa = PBXProject;
			attributes = {
				LastSwiftUpdateCheck = 1200;
				LastUpgradeCheck = 1200;
				TargetAttributes = {
					F2752F262533262A00239FFF = {
						CreatedOnToolsVersion = 12.0.1;
					};
				};
			};
			buildConfigurationList = F2752F222533262A00239FFF /* Build configuration list for PBXProject "week1_HW" */;
			compatibilityVersion = "Xcode 9.3";
			developmentRegion = en;
			hasScannedForEncodings = 0;
			knownRegions = (
				en,
				Base,
			);
			mainGroup = F2752F1E2533262A00239FFF;
			productRefGroup = F2752F282533262A00239FFF /* Products */;
			projectDirPath = "";
			projectRoot = "";
			targets = (
				F2752F262533262A00239FFF /* week1_HW */,
			);
		};
/* End PBXProject section */

/* Begin PBXResourcesBuildPhase section */
		F2752F252533262A00239FFF /* Resources */ = {
			isa = PBXResourcesBuildPhase;
			buildActionMask = 2147483647;
			files = (
				F2752F372533262C00239FFF /* LaunchScreen.storyboard in Resources */,
				F2752F342533262C00239FFF /* Assets.xcassets in Resources */,
				F2752F322533262A00239FFF /* Main.storyboard in Resources */,
			);
			runOnlyForDeploymentPostprocessing = 0;
		};
/* End PBXResourcesBuildPhase section */

/* Begin PBXSourcesBuildPhase section */
		F2752F232533262A00239FFF /* Sources */ = {
			isa = PBXSourcesBuildPhase;
			buildActionMask = 2147483647;
			files = (
				F2752F2F2533262A00239FFF /* MainVC.swift in Sources */,
				F2752F2B2533262A00239FFF /* AppDelegate.swift in Sources */,
				F261DD3A2534951C00D40710 /* SignInNavVC.swift in Sources */,
				F2752F402533302200239FFF /* SignInVC.swift in Sources */,
				F2752F432533303900239FFF /* SignUpVC.swift in Sources */,
				F2752F2D2533262A00239FFF /* SceneDelegate.swift in Sources */,
			);
			runOnlyForDeploymentPostprocessing = 0;
		};
/* End PBXSourcesBuildPhase section */

/* Begin PBXVariantGroup section */
		F2752F302533262A00239FFF /* Main.storyboard */ = {
			isa = PBXVariantGroup;
			children = (
				F2752F312533262A00239FFF /* Base */,
			);
			name = Main.storyboard;
			sourceTree = "<group>";
		};
		F2752F352533262C00239FFF /* LaunchScreen.storyboard */ = {
			isa = PBXVariantGroup;
			children = (
				F2752F362533262C00239FFF /* Base */,
			);
			name = LaunchScreen.storyboard;
			sourceTree = "<group>";
		};
/* End PBXVariantGroup section */

/* Begin XCBuildConfiguration section */
		F2752F392533262C00239FFF /* Debug */ = {
			isa = XCBuildConfiguration;
			buildSettings = {
				ALWAYS_SEARCH_USER_PATHS = NO;
				CLANG_ANALYZER_NONNULL = YES;
				CLANG_ANALYZER_NUMBER_OBJECT_CONVERSION = YES_AGGRESSIVE;
				CLANG_CXX_LANGUAGE_STANDARD = "gnu++14";
				CLANG_CXX_LIBRARY = "libc++";
				CLANG_ENABLE_MODULES = YES;
				CLANG_ENABLE_OBJC_ARC = YES;
				CLANG_ENABLE_OBJC_WEAK = YES;
				CLANG_WARN_BLOCK_CAPTURE_AUTORELEASING = YES;
				CLANG_WARN_BOOL_CONVERSION = YES;
				CLANG_WARN_COMMA = YES;
				CLANG_WARN_CONSTANT_CONVERSION = YES;
				CLANG_WARN_DEPRECATED_OBJC_IMPLEMENTATIONS = YES;
				CLANG_WARN_DIRECT_OBJC_ISA_USAGE = YES_ERROR;
				CLANG_WARN_DOCUMENTATION_COMMENTS = YES;
				CLANG_WARN_EMPTY_BODY = YES;
				CLANG_WARN_ENUM_CONVERSION = YES;
				CLANG_WARN_INFINITE_RECURSION = YES;
				CLANG_WARN_INT_CONVERSION = YES;
				CLANG_WARN_NON_LITERAL_NULL_CONVERSION = YES;
				CLANG_WARN_OBJC_IMPLICIT_RETAIN_SELF = YES;
				CLANG_WARN_OBJC_LITERAL_CONVERSION = YES;
				CLANG_WARN_OBJC_ROOT_CLASS = YES_ERROR;
				CLANG_WARN_QUOTED_INCLUDE_IN_FRAMEWORK_HEADER = YES;
				CLANG_WARN_RANGE_LOOP_ANALYSIS = YES;
				CLANG_WARN_STRICT_PROTOTYPES = YES;
				CLANG_WARN_SUSPICIOUS_MOVE = YES;
				CLANG_WARN_UNGUARDED_AVAILABILITY = YES_AGGRESSIVE;
				CLANG_WARN_UNREACHABLE_CODE = YES;
				CLANG_WARN__DUPLICATE_METHOD_MATCH = YES;
				COPY_PHASE_STRIP = NO;
				DEBUG_INFORMATION_FORMAT = dwarf;
				ENABLE_STRICT_OBJC_MSGSEND = YES;
				ENABLE_TESTABILITY = YES;
				GCC_C_LANGUAGE_STANDARD = gnu11;
				GCC_DYNAMIC_NO_PIC = NO;
				GCC_NO_COMMON_BLOCKS = YES;
				GCC_OPTIMIZATION_LEVEL = 0;
				GCC_PREPROCESSOR_DEFINITIONS = (
					"DEBUG=1",
					"$(inherited)",
				);
				GCC_WARN_64_TO_32_BIT_CONVERSION = YES;
				GCC_WARN_ABOUT_RETURN_TYPE = YES_ERROR;
				GCC_WARN_UNDECLARED_SELECTOR = YES;
				GCC_WARN_UNINITIALIZED_AUTOS = YES_AGGRESSIVE;
				GCC_WARN_UNUSED_FUNCTION = YES;
				GCC_WARN_UNUSED_VARIABLE = YES;
				IPHONEOS_DEPLOYMENT_TARGET = 14.0;
				MTL_ENABLE_DEBUG_INFO = INCLUDE_SOURCE;
				MTL_FAST_MATH = YES;
				ONLY_ACTIVE_ARCH = YES;
				SDKROOT = iphoneos;
				SWIFT_ACTIVE_COMPILATION_CONDITIONS = DEBUG;
				SWIFT_OPTIMIZATION_LEVEL = "-Onone";
			};
			name = Debug;
		};
		F2752F3A2533262C00239FFF /* Release */ = {
			isa = XCBuildConfiguration;
			buildSettings = {
				ALWAYS_SEARCH_USER_PATHS = NO;
				CLANG_ANALYZER_NONNULL = YES;
				CLANG_ANALYZER_NUMBER_OBJECT_CONVERSION = YES_AGGRESSIVE;
				CLANG_CXX_LANGUAGE_STANDARD = "gnu++14";
				CLANG_CXX_LIBRARY = "libc++";
				CLANG_ENABLE_MODULES = YES;
				CLANG_ENABLE_OBJC_ARC = YES;
				CLANG_ENABLE_OBJC_WEAK = YES;
				CLANG_WARN_BLOCK_CAPTURE_AUTORELEASING = YES;
				CLANG_WARN_BOOL_CONVERSION = YES;
				CLANG_WARN_COMMA = YES;
				CLANG_WARN_CONSTANT_CONVERSION = YES;
				CLANG_WARN_DEPRECATED_OBJC_IMPLEMENTATIONS = YES;
				CLANG_WARN_DIRECT_OBJC_ISA_USAGE = YES_ERROR;
				CLANG_WARN_DOCUMENTATION_COMMENTS = YES;
				CLANG_WARN_EMPTY_BODY = YES;
				CLANG_WARN_ENUM_CONVERSION = YES;
				CLANG_WARN_INFINITE_RECURSION = YES;
				CLANG_WARN_INT_CONVERSION = YES;
				CLANG_WARN_NON_LITERAL_NULL_CONVERSION = YES;
				CLANG_WARN_OBJC_IMPLICIT_RETAIN_SELF = YES;
				CLANG_WARN_OBJC_LITERAL_CONVERSION = YES;
				CLANG_WARN_OBJC_ROOT_CLASS = YES_ERROR;
				CLANG_WARN_QUOTED_INCLUDE_IN_FRAMEWORK_HEADER = YES;
				CLANG_WARN_RANGE_LOOP_ANALYSIS = YES;
				CLANG_WARN_STRICT_PROTOTYPES = YES;
				CLANG_WARN_SUSPICIOUS_MOVE = YES;
				CLANG_WARN_UNGUARDED_AVAILABILITY = YES_AGGRESSIVE;
				CLANG_WARN_UNREACHABLE_CODE = YES;
				CLANG_WARN__DUPLICATE_METHOD_MATCH = YES;
				COPY_PHASE_STRIP = NO;
				DEBUG_INFORMATION_FORMAT = "dwarf-with-dsym";
				ENABLE_NS_ASSERTIONS = NO;
				ENABLE_STRICT_OBJC_MSGSEND = YES;
				GCC_C_LANGUAGE_STANDARD = gnu11;
				GCC_NO_COMMON_BLOCKS = YES;
				GCC_WARN_64_TO_32_BIT_CONVERSION = YES;
				GCC_WARN_ABOUT_RETURN_TYPE = YES_ERROR;
				GCC_WARN_UNDECLARED_SELECTOR = YES;
				GCC_WARN_UNINITIALIZED_AUTOS = YES_AGGRESSIVE;
				GCC_WARN_UNUSED_FUNCTION = YES;
				GCC_WARN_UNUSED_VARIABLE = YES;
				IPHONEOS_DEPLOYMENT_TARGET = 14.0;
				MTL_ENABLE_DEBUG_INFO = NO;
				MTL_FAST_MATH = YES;
				SDKROOT = iphoneos;
				SWIFT_COMPILATION_MODE = wholemodule;
				SWIFT_OPTIMIZATION_LEVEL = "-O";
				VALIDATE_PRODUCT = YES;
			};
			name = Release;
		};
		F2752F3C2533262C00239FFF /* Debug */ = {
			isa = XCBuildConfiguration;
			buildSettings = {
				ASSETCATALOG_COMPILER_APPICON_NAME = AppIcon;
				ASSETCATALOG_COMPILER_GLOBAL_ACCENT_COLOR_NAME = AccentColor;
				CODE_SIGN_STYLE = Automatic;
				DEVELOPMENT_TEAM = F725AJ242J;
				INFOPLIST_FILE = week1_HW/Info.plist;
				LD_RUNPATH_SEARCH_PATHS = (
					"$(inherited)",
					"@executable_path/Frameworks",
				);
				PRODUCT_BUNDLE_IDENTIFIER = "profitjean.week1-HW";
				PRODUCT_NAME = "$(TARGET_NAME)";
				SWIFT_VERSION = 5.0;
				TARGETED_DEVICE_FAMILY = "1,2";
			};
			name = Debug;
		};
		F2752F3D2533262C00239FFF /* Release */ = {
			isa = XCBuildConfiguration;
			buildSettings = {
				ASSETCATALOG_COMPILER_APPICON_NAME = AppIcon;
				ASSETCATALOG_COMPILER_GLOBAL_ACCENT_COLOR_NAME = AccentColor;
				CODE_SIGN_STYLE = Automatic;
				DEVELOPMENT_TEAM = F725AJ242J;
				INFOPLIST_FILE = week1_HW/Info.plist;
				LD_RUNPATH_SEARCH_PATHS = (
					"$(inherited)",
					"@executable_path/Frameworks",
				);
				PRODUCT_BUNDLE_IDENTIFIER = "profitjean.week1-HW";
				PRODUCT_NAME = "$(TARGET_NAME)";
				SWIFT_VERSION = 5.0;
				TARGETED_DEVICE_FAMILY = "1,2";
			};
			name = Release;
		};
/* End XCBuildConfiguration section */

/* Begin XCConfigurationList section */
		F2752F222533262A00239FFF /* Build configuration list for PBXProject "week1_HW" */ = {
			isa = XCConfigurationList;
			buildConfigurations = (
				F2752F392533262C00239FFF /* Debug */,
				F2752F3A2533262C00239FFF /* Release */,
			);
			defaultConfigurationIsVisible = 0;
			defaultConfigurationName = Release;
		};
		F2752F3B2533262C00239FFF /* Build configuration list for PBXNativeTarget "week1_HW" */ = {
			isa = XCConfigurationList;
			buildConfigurations = (
				F2752F3C2533262C00239FFF /* Debug */,
				F2752F3D2533262C00239FFF /* Release */,
			);
			defaultConfigurationIsVisible = 0;
			defaultConfigurationName = Release;
		};
/* End XCConfigurationList section */
	};
	rootObject = F2752F1F2533262A00239FFF /* Project object */;
}
